// !$*UTF8*$!
{
	archiveVersion = 1;
	classes = {
	};
	objectVersion = 48;
	objects = {

/* Begin PBXBuildFile section */
		5A57A69B1FBF01000057AE37 /* RestaurantDetailedViewController.swift in Sources */ = {isa = PBXBuildFile; fileRef = 5A57A6991FBF01000057AE37 /* RestaurantDetailedViewController.swift */; };
		5A57A69C1FBF01000057AE37 /* RestaurantDetailedViewController.xib in Resources */ = {isa = PBXBuildFile; fileRef = 5A57A69A1FBF01000057AE37 /* RestaurantDetailedViewController.xib */; };
		5A57A6A11FBF02370057AE37 /* Restaurant.swift in Sources */ = {isa = PBXBuildFile; fileRef = 5A57A6A01FBF02370057AE37 /* Restaurant.swift */; };
		5A57A6A31FBF05B50057AE37 /* Attraction.swift in Sources */ = {isa = PBXBuildFile; fileRef = 5A57A6A21FBF05B50057AE37 /* Attraction.swift */; };
		5AEF6E901FBEDE530051B9FC /* AppDelegate.swift in Sources */ = {isa = PBXBuildFile; fileRef = 5AEF6E8F1FBEDE530051B9FC /* AppDelegate.swift */; };
		5AEF6E971FBEDE530051B9FC /* Assets.xcassets in Resources */ = {isa = PBXBuildFile; fileRef = 5AEF6E961FBEDE530051B9FC /* Assets.xcassets */; };
		5AEF6E9A1FBEDE530051B9FC /* LaunchScreen.storyboard in Resources */ = {isa = PBXBuildFile; fileRef = 5AEF6E981FBEDE530051B9FC /* LaunchScreen.storyboard */; };
		5AEF6EA31FBEE2490051B9FC /* MainViewController.swift in Sources */ = {isa = PBXBuildFile; fileRef = 5AEF6EA11FBEE2490051B9FC /* MainViewController.swift */; };
		5AEF6EA41FBEE2490051B9FC /* MainViewController.xib in Resources */ = {isa = PBXBuildFile; fileRef = 5AEF6EA21FBEE2490051B9FC /* MainViewController.xib */; };
		5AEF6EA71FBEF2060051B9FC /* Localizable.strings in Resources */ = {isa = PBXBuildFile; fileRef = 5AEF6EA91FBEF2060051B9FC /* Localizable.strings */; };
		5AEF6EAE1FBEFF680051B9FC /* RestaurantListViewController.swift in Sources */ = {isa = PBXBuildFile; fileRef = 5AEF6EAC1FBEFF670051B9FC /* RestaurantListViewController.swift */; };
		5AEF6EAF1FBEFF680051B9FC /* RestaurantListViewController.xib in Resources */ = {isa = PBXBuildFile; fileRef = 5AEF6EAD1FBEFF670051B9FC /* RestaurantListViewController.xib */; };
/* End PBXBuildFile section */

/* Begin PBXFileReference section */
		5A57A6991FBF01000057AE37 /* RestaurantDetailedViewController.swift */ = {isa = PBXFileReference; lastKnownFileType = sourcecode.swift; path = RestaurantDetailedViewController.swift; sourceTree = "<group>"; };
		5A57A69A1FBF01000057AE37 /* RestaurantDetailedViewController.xib */ = {isa = PBXFileReference; lastKnownFileType = file.xib; path = RestaurantDetailedViewController.xib; sourceTree = "<group>"; };
		5A57A6A01FBF02370057AE37 /* Restaurant.swift */ = {isa = PBXFileReference; lastKnownFileType = sourcecode.swift; path = Restaurant.swift; sourceTree = "<group>"; };
		5A57A6A21FBF05B50057AE37 /* Attraction.swift */ = {isa = PBXFileReference; lastKnownFileType = sourcecode.swift; path = Attraction.swift; sourceTree = "<group>"; };
		5AEF6E8C1FBEDE530051B9FC /* VirginiaBeach.app */ = {isa = PBXFileReference; explicitFileType = wrapper.application; includeInIndex = 0; path = VirginiaBeach.app; sourceTree = BUILT_PRODUCTS_DIR; };
		5AEF6E8F1FBEDE530051B9FC /* AppDelegate.swift */ = {isa = PBXFileReference; lastKnownFileType = sourcecode.swift; path = AppDelegate.swift; sourceTree = "<group>"; };
		5AEF6E961FBEDE530051B9FC /* Assets.xcassets */ = {isa = PBXFileReference; lastKnownFileType = folder.assetcatalog; path = Assets.xcassets; sourceTree = "<group>"; };
		5AEF6E991FBEDE530051B9FC /* Base */ = {isa = PBXFileReference; lastKnownFileType = file.storyboard; name = Base; path = Base.lproj/LaunchScreen.storyboard; sourceTree = "<group>"; };
		5AEF6E9B1FBEDE530051B9FC /* Info.plist */ = {isa = PBXFileReference; lastKnownFileType = text.plist.xml; path = Info.plist; sourceTree = "<group>"; };
		5AEF6EA11FBEE2490051B9FC /* MainViewController.swift */ = {isa = PBXFileReference; lastKnownFileType = sourcecode.swift; path = MainViewController.swift; sourceTree = "<group>"; };
		5AEF6EA21FBEE2490051B9FC /* MainViewController.xib */ = {isa = PBXFileReference; lastKnownFileType = file.xib; path = MainViewController.xib; sourceTree = "<group>"; };
		5AEF6EA81FBEF2060051B9FC /* en */ = {isa = PBXFileReference; lastKnownFileType = text.plist.strings; name = en; path = en.lproj/Localizable.strings; sourceTree = "<group>"; };
		5AEF6EAA1FBEF2420051B9FC /* fr */ = {isa = PBXFileReference; lastKnownFileType = text.plist.strings; name = fr; path = fr.lproj/LaunchScreen.strings; sourceTree = "<group>"; };
		5AEF6EAB1FBEF2420051B9FC /* fr */ = {isa = PBXFileReference; lastKnownFileType = text.plist.strings; name = fr; path = fr.lproj/Localizable.strings; sourceTree = "<group>"; };
		5AEF6EAC1FBEFF670051B9FC /* RestaurantListViewController.swift */ = {isa = PBXFileReference; lastKnownFileType = sourcecode.swift; path = RestaurantListViewController.swift; sourceTree = "<group>"; };
		5AEF6EAD1FBEFF670051B9FC /* RestaurantListViewController.xib */ = {isa = PBXFileReference; lastKnownFileType = file.xib; path = RestaurantListViewController.xib; sourceTree = "<group>"; };
/* End PBXFileReference section */

/* Begin PBXFrameworksBuildPhase section */
		5AEF6E891FBEDE530051B9FC /* Frameworks */ = {
			isa = PBXFrameworksBuildPhase;
			buildActionMask = 2147483647;
			files = (
			);
			runOnlyForDeploymentPostprocessing = 0;
		};
/* End PBXFrameworksBuildPhase section */

/* Begin PBXGroup section */
		5A57A69D1FBF01E40057AE37 /* Controller */ = {
			isa = PBXGroup;
			children = (
				5AEF6EAC1FBEFF670051B9FC /* RestaurantListViewController.swift */,
				5AEF6EAD1FBEFF670051B9FC /* RestaurantListViewController.xib */,
				5A57A6991FBF01000057AE37 /* RestaurantDetailedViewController.swift */,
				5A57A69A1FBF01000057AE37 /* RestaurantDetailedViewController.xib */,
				5AEF6EA11FBEE2490051B9FC /* MainViewController.swift */,
				5AEF6EA21FBEE2490051B9FC /* MainViewController.xib */,
			);
			path = Controller;
			sourceTree = "<group>";
		};
		5A57A69F1FBF02190057AE37 /* Model */ = {
			isa = PBXGroup;
			children = (
				5A57A6A01FBF02370057AE37 /* Restaurant.swift */,
				5A57A6A21FBF05B50057AE37 /* Attraction.swift */,
			);
			path = Model;
			sourceTree = "<group>";
		};
		5AEF6E831FBEDE530051B9FC = {
			isa = PBXGroup;
			children = (
				5AEF6E8E1FBEDE530051B9FC /* VirginiaBeach */,
				5AEF6E8D1FBEDE530051B9FC /* Products */,
			);
			sourceTree = "<group>";
		};
		5AEF6E8D1FBEDE530051B9FC /* Products */ = {
			isa = PBXGroup;
			children = (
				5AEF6E8C1FBEDE530051B9FC /* VirginiaBeach.app */,
			);
			name = Products;
			sourceTree = "<group>";
		};
		5AEF6E8E1FBEDE530051B9FC /* VirginiaBeach */ = {
			isa = PBXGroup;
			children = (
				5AEF6E8F1FBEDE530051B9FC /* AppDelegate.swift */,
				5A57A69D1FBF01E40057AE37 /* Controller */,
				5A57A69F1FBF02190057AE37 /* Model */,
				5AEF6E961FBEDE530051B9FC /* Assets.xcassets */,
				5AEF6E981FBEDE530051B9FC /* LaunchScreen.storyboard */,
				5AEF6E9B1FBEDE530051B9FC /* Info.plist */,
				5AEF6EA91FBEF2060051B9FC /* Localizable.strings */,
			);
			path = VirginiaBeach;
			sourceTree = "<group>";
		};
/* End PBXGroup section */

/* Begin PBXNativeTarget section */
		5AEF6E8B1FBEDE530051B9FC /* VirginiaBeach */ = {
			isa = PBXNativeTarget;
			buildConfigurationList = 5AEF6E9E1FBEDE530051B9FC /* Build configuration list for PBXNativeTarget "VirginiaBeach" */;
			buildPhases = (
				5AEF6E881FBEDE530051B9FC /* Sources */,
				5AEF6E891FBEDE530051B9FC /* Frameworks */,
				5AEF6E8A1FBEDE530051B9FC /* Resources */,
			);
			buildRules = (
			);
			dependencies = (
			);
			name = VirginiaBeach;
			productName = VirginiaBeach;
			productReference = 5AEF6E8C1FBEDE530051B9FC /* VirginiaBeach.app */;
			productType = "com.apple.product-type.application";
		};
/* End PBXNativeTarget section */

/* Begin PBXProject section */
		5AEF6E841FBEDE530051B9FC /* Project object */ = {
			isa = PBXProject;
			attributes = {
				LastSwiftUpdateCheck = 0900;
				LastUpgradeCheck = 0900;
				ORGANIZATIONNAME = "Isma Dia";
				TargetAttributes = {
					5AEF6E8B1FBEDE530051B9FC = {
						CreatedOnToolsVersion = 9.0;
						ProvisioningStyle = Automatic;
					};
				};
			};
			buildConfigurationList = 5AEF6E871FBEDE530051B9FC /* Build configuration list for PBXProject "VirginiaBeach" */;
			compatibilityVersion = "Xcode 8.0";
			developmentRegion = en;
			hasScannedForEncodings = 0;
			knownRegions = (
				en,
				Base,
				fr,
			);
			mainGroup = 5AEF6E831FBEDE530051B9FC;
			productRefGroup = 5AEF6E8D1FBEDE530051B9FC /* Products */;
			projectDirPath = "";
			projectRoot = "";
			targets = (
				5AEF6E8B1FBEDE530051B9FC /* VirginiaBeach */,
			);
		};
/* End PBXProject section */

/* Begin PBXResourcesBuildPhase section */
		5AEF6E8A1FBEDE530051B9FC /* Resources */ = {
			isa = PBXResourcesBuildPhase;
			buildActionMask = 2147483647;
			files = (
				5AEF6E9A1FBEDE530051B9FC /* LaunchScreen.storyboard in Resources */,
				5AEF6EA71FBEF2060051B9FC /* Localizable.strings in Resources */,
				5AEF6EA41FBEE2490051B9FC /* MainViewController.xib in Resources */,
				5A57A69C1FBF01000057AE37 /* RestaurantDetailedViewController.xib in Resources */,
				5AEF6E971FBEDE530051B9FC /* Assets.xcassets in Resources */,
				5AEF6EAF1FBEFF680051B9FC /* RestaurantListViewController.xib in Resources */,
			);
			runOnlyForDeploymentPostprocessing = 0;
		};
/* End PBXResourcesBuildPhase section */

/* Begin PBXSourcesBuildPhase section */
		5AEF6E881FBEDE530051B9FC /* Sources */ = {
			isa = PBXSourcesBuildPhase;
			buildActionMask = 2147483647;
			files = (
				5A57A6A11FBF02370057AE37 /* Restaurant.swift in Sources */,
				5AEF6E901FBEDE530051B9FC /* AppDelegate.swift in Sources */,
				5A57A69B1FBF01000057AE37 /* RestaurantDetailedViewController.swift in Sources */,
				5AEF6EAE1FBEFF680051B9FC /* RestaurantListViewController.swift in Sources */,
				5A57A6A31FBF05B50057AE37 /* Attraction.swift in Sources */,
				5AEF6EA31FBEE2490051B9FC /* MainViewController.swift in Sources */,
			);
			runOnlyForDeploymentPostprocessing = 0;
		};
/* End PBXSourcesBuildPhase section */

/* Begin PBXVariantGroup section */
		5AEF6E981FBEDE530051B9FC /* LaunchScreen.storyboard */ = {
			isa = PBXVariantGroup;
			children = (
				5AEF6E991FBEDE530051B9FC /* Base */,
				5AEF6EAA1FBEF2420051B9FC /* fr */,
			);
			name = LaunchScreen.storyboard;
			sourceTree = "<group>";
		};
		5AEF6EA91FBEF2060051B9FC /* Localizable.strings */ = {
			isa = PBXVariantGroup;
			children = (
				5AEF6EA81FBEF2060051B9FC /* en */,
				5AEF6EAB1FBEF2420051B9FC /* fr */,
			);
			name = Localizable.strings;
			sourceTree = "<group>";
		};
/* End PBXVariantGroup section */

/* Begin XCBuildConfiguration section */
		5AEF6E9C1FBEDE530051B9FC /* Debug */ = {
			isa = XCBuildConfiguration;
			buildSettings = {
				ALWAYS_SEARCH_USER_PATHS = NO;
				CLANG_ANALYZER_LOCALIZABILITY_NONLOCALIZED = YES;
				CLANG_ANALYZER_NONNULL = YES;
				CLANG_ANALYZER_NUMBER_OBJECT_CONVERSION = YES_AGGRESSIVE;
				CLANG_CXX_LANGUAGE_STANDARD = "gnu++14";
				CLANG_CXX_LIBRARY = "libc++";
				CLANG_ENABLE_MODULES = YES;
				CLANG_ENABLE_OBJC_ARC = YES;
				CLANG_WARN_BLOCK_CAPTURE_AUTORELEASING = YES;
				CLANG_WARN_BOOL_CONVERSION = YES;
				CLANG_WARN_COMMA = YES;
				CLANG_WARN_CONSTANT_CONVERSION = YES;
				CLANG_WARN_DIRECT_OBJC_ISA_USAGE = YES_ERROR;
				CLANG_WARN_DOCUMENTATION_COMMENTS = YES;
				CLANG_WARN_EMPTY_BODY = YES;
				CLANG_WARN_ENUM_CONVERSION = YES;
				CLANG_WARN_INFINITE_RECURSION = YES;
				CLANG_WARN_INT_CONVERSION = YES;
				CLANG_WARN_NON_LITERAL_NULL_CONVERSION = YES;
				CLANG_WARN_OBJC_LITERAL_CONVERSION = YES;
				CLANG_WARN_OBJC_ROOT_CLASS = YES_ERROR;
				CLANG_WARN_RANGE_LOOP_ANALYSIS = YES;
				CLANG_WARN_STRICT_PROTOTYPES = YES;
				CLANG_WARN_SUSPICIOUS_MOVE = YES;
				CLANG_WARN_UNGUARDED_AVAILABILITY = YES_AGGRESSIVE;
				CLANG_WARN_UNREACHABLE_CODE = YES;
				CLANG_WARN__DUPLICATE_METHOD_MATCH = YES;
				CODE_SIGN_IDENTITY = "iPhone Developer";
				COPY_PHASE_STRIP = NO;
				DEBUG_INFORMATION_FORMAT = dwarf;
				ENABLE_STRICT_OBJC_MSGSEND = YES;
				ENABLE_TESTABILITY = YES;
				GCC_C_LANGUAGE_STANDARD = gnu11;
				GCC_DYNAMIC_NO_PIC = NO;
				GCC_NO_COMMON_BLOCKS = YES;
				GCC_OPTIMIZATION_LEVEL = 0;
				GCC_PREPROCESSOR_DEFINITIONS = (
					"DEBUG=1",
					"$(inherited)",
				);
				GCC_WARN_64_TO_32_BIT_CONVERSION = YES;
				GCC_WARN_ABOUT_RETURN_TYPE = YES_ERROR;
				GCC_WARN_UNDECLARED_SELECTOR = YES;
				GCC_WARN_UNINITIALIZED_AUTOS = YES_AGGRESSIVE;
				GCC_WARN_UNUSED_FUNCTION = YES;
				GCC_WARN_UNUSED_VARIABLE = YES;
				IPHONEOS_DEPLOYMENT_TARGET = 11.0;
				MTL_ENABLE_DEBUG_INFO = YES;
				ONLY_ACTIVE_ARCH = YES;
				SDKROOT = iphoneos;
				SWIFT_ACTIVE_COMPILATION_CONDITIONS = DEBUG;
				SWIFT_OPTIMIZATION_LEVEL = "-Onone";
			};
			name = Debug;
		};
		5AEF6E9D1FBEDE530051B9FC /* Release */ = {
			isa = XCBuildConfiguration;
			buildSettings = {
				ALWAYS_SEARCH_USER_PATHS = NO;
				CLANG_ANALYZER_LOCALIZABILITY_NONLOCALIZED = YES;
				CLANG_ANALYZER_NONNULL = YES;
				CLANG_ANALYZER_NUMBER_OBJECT_CONVERSION = YES_AGGRESSIVE;
				CLANG_CXX_LANGUAGE_STANDARD = "gnu++14";
				CLANG_CXX_LIBRARY = "libc++";
				CLANG_ENABLE_MODULES = YES;
				CLANG_ENABLE_OBJC_ARC = YES;
				CLANG_WARN_BLOCK_CAPTURE_AUTORELEASING = YES;
				CLANG_WARN_BOOL_CONVERSION = YES;
				CLANG_WARN_COMMA = YES;
				CLANG_WARN_CONSTANT_CONVERSION = YES;
				CLANG_WARN_DIRECT_OBJC_ISA_USAGE = YES_ERROR;
				CLANG_WARN_DOCUMENTATION_COMMENTS = YES;
				CLANG_WARN_EMPTY_BODY = YES;
				CLANG_WARN_ENUM_CONVERSION = YES;
				CLANG_WARN_INFINITE_RECURSION = YES;
				CLANG_WARN_INT_CONVERSION = YES;
				CLANG_WARN_NON_LITERAL_NULL_CONVERSION = YES;
				CLANG_WARN_OBJC_LITERAL_CONVERSION = YES;
				CLANG_WARN_OBJC_ROOT_CLASS = YES_ERROR;
				CLANG_WARN_RANGE_LOOP_ANALYSIS = YES;
				CLANG_WARN_STRICT_PROTOTYPES = YES;
				CLANG_WARN_SUSPICIOUS_MOVE = YES;
				CLANG_WARN_UNGUARDED_AVAILABILITY = YES_AGGRESSIVE;
				CLANG_WARN_UNREACHABLE_CODE = YES;
				CLANG_WARN__DUPLICATE_METHOD_MATCH = YES;
				CODE_SIGN_IDENTITY = "iPhone Developer";
				COPY_PHASE_STRIP = NO;
				DEBUG_INFORMATION_FORMAT = "dwarf-with-dsym";
				ENABLE_NS_ASSERTIONS = NO;
				ENABLE_STRICT_OBJC_MSGSEND = YES;
				GCC_C_LANGUAGE_STANDARD = gnu11;
				GCC_NO_COMMON_BLOCKS = YES;
				GCC_WARN_64_TO_32_BIT_CONVERSION = YES;
				GCC_WARN_ABOUT_RETURN_TYPE = YES_ERROR;
				GCC_WARN_UNDECLARED_SELECTOR = YES;
				GCC_WARN_UNINITIALIZED_AUTOS = YES_AGGRESSIVE;
				GCC_WARN_UNUSED_FUNCTION = YES;
				GCC_WARN_UNUSED_VARIABLE = YES;
				IPHONEOS_DEPLOYMENT_TARGET = 11.0;
				MTL_ENABLE_DEBUG_INFO = NO;
				SDKROOT = iphoneos;
				SWIFT_OPTIMIZATION_LEVEL = "-Owholemodule";
				VALIDATE_PRODUCT = YES;
			};
			name = Release;
		};
		5AEF6E9F1FBEDE530051B9FC /* Debug */ = {
			isa = XCBuildConfiguration;
			buildSettings = {
				ASSETCATALOG_COMPILER_APPICON_NAME = AppIcon;
				CODE_SIGN_STYLE = Automatic;
				DEVELOPMENT_TEAM = 2STZ642E42;
				INFOPLIST_FILE = VirginiaBeach/Info.plist;
				LD_RUNPATH_SEARCH_PATHS = "$(inherited) @executable_path/Frameworks";
				PRODUCT_BUNDLE_IDENTIFIER = com.ismadia.VirginiaBeach;
				PRODUCT_NAME = "$(TARGET_NAME)";
				SWIFT_VERSION = 4.0;
				TARGETED_DEVICE_FAMILY = "1,2";
			};
			name = Debug;
		};
		5AEF6EA01FBEDE530051B9FC /* Release */ = {
			isa = XCBuildConfiguration;
			buildSettings = {
				ASSETCATALOG_COMPILER_APPICON_NAME = AppIcon;
				CODE_SIGN_STYLE = Automatic;
				DEVELOPMENT_TEAM = 2STZ642E42;
				INFOPLIST_FILE = VirginiaBeach/Info.plist;
				LD_RUNPATH_SEARCH_PATHS = "$(inherited) @executable_path/Frameworks";
				PRODUCT_BUNDLE_IDENTIFIER = com.ismadia.VirginiaBeach;
				PRODUCT_NAME = "$(TARGET_NAME)";
				SWIFT_VERSION = 4.0;
				TARGETED_DEVICE_FAMILY = "1,2";
			};
			name = Release;
		};
/* End XCBuildConfiguration section */

/* Begin XCConfigurationList section */
		5AEF6E871FBEDE530051B9FC /* Build configuration list for PBXProject "VirginiaBeach" */ = {
			isa = XCConfigurationList;
			buildConfigurations = (
				5AEF6E9C1FBEDE530051B9FC /* Debug */,
				5AEF6E9D1FBEDE530051B9FC /* Release */,
			);
			defaultConfigurationIsVisible = 0;
			defaultConfigurationName = Release;
		};
		5AEF6E9E1FBEDE530051B9FC /* Build configuration list for PBXNativeTarget "VirginiaBeach" */ = {
			isa = XCConfigurationList;
			buildConfigurations = (
				5AEF6E9F1FBEDE530051B9FC /* Debug */,
				5AEF6EA01FBEDE530051B9FC /* Release */,
			);
			defaultConfigurationIsVisible = 0;
			defaultConfigurationName = Release;
		};
/* End XCConfigurationList section */
	};
	rootObject = 5AEF6E841FBEDE530051B9FC /* Project object */;
}
